# THIS IS AN AUTOGENERATED FILE. DO NOT EDIT THIS FILE DIRECTLY.
# yarn lockfile v1


"@supercharge/promise-pool@^3.2.0":
  version "3.2.0"
  resolved "https://registry.yarnpkg.com/@supercharge/promise-pool/-/promise-pool-3.2.0.tgz#a6ab4afdf798e453a6bb51c4ae340852e1266af8"
  integrity sha512-pj0cAALblTZBPtMltWOlZTQSLT07jIaFNeM8TWoJD1cQMgDB9mcMlVMoetiB35OzNJpqQ2b+QEtwiR9f20mADg==
